{
  "_readme": [
    "This file locks the dependencies of your project to a known state",
    "Read more about it at https://getcomposer.org/doc/01-basic-usage.md#installing-dependencies",
    "This file is @generated automatically"
  ],
  "content-hash": "2a51ab4cf9bd7de4f6be598470ddffde",
  "packages": [
    {
      "name": "zgldh/gd-text-for-chinese",
      "version": "v1.0.4",
      "source": {
        "type": "git",
        "url": "https://github.com/zgldh/gd-text-for-chinese.git",
        "reference": "3d8b4d3fc685359b16caeb4ddaf18a2a0406cdda"
      },
      "dist": {
        "type": "zip",
        "url": "https://api.github.com/repos/zgldh/gd-text-for-chinese/zipball/3d8b4d3fc685359b16caeb4ddaf18a2a0406cdda",
        "reference": "3d8b4d3fc685359b16caeb4ddaf18a2a0406cdda",
        "shasum": "",
        "mirrors": [
          {
            "url": "https://mirrors.aliyun.com/composer/dists/%package%/%reference%.%type%",
            "preferred": true
          }
        ]
      },
      "require": {
        "ext-gd": "*",
        "php": ">=5.3"
      },
      "type": "library",
      "autoload": {
        "psr-4": {
          "GDText\\": "src/"
        }
      },
      "notification-url": "https://packagist.org/downloads/",
      "license": [
        "MIT"
      ],
      "description": "A class drawing multiline and aligned text on pictures. Uses GD extension. For Chinese optimized.",
      "support": {
        "source": "https://github.com/zgldh/gd-text-for-chinese/tree/master"
      },
      "time": "2015-09-21T02:26:45+00:00"
    }
  ],
  "packages-dev": [],
  "aliases": [],
  "minimum-stability": "stable",
  "stability-flags": [],
  "prefer-stable": false,
  "prefer-lowest": false,
  "platform": [],
  "platform-dev": [],
  "plugin-api-version": "2.3.0"
}
